
Microsoft Visual Studio Solution File, Format Version 12.00
# Visual Studio 15
VisualStudioVersion = 15.0.26228.10
MinimumVisualStudioVersion = 10.0.40219.1
Project("{9A19103F-16F7-4668-BE54-9A1E7A4F7556}") = "KenticoCloud.Delivery", "KenticoCloud.Delivery\KenticoCloud.Delivery.csproj", "{3CDC563F-AA0B-4543-A764-65A926C5FE82}"
EndProject
Project("{9A19103F-16F7-4668-BE54-9A1E7A4F7556}") = "KenticoCloud.Delivery.Tests", "KenticoCloud.Delivery.Tests\KenticoCloud.Delivery.Tests.csproj", "{B9384D2F-AD84-470C-A44E-DCAAA51F73D4}"
EndProject
Global
	GlobalSection(SolutionConfigurationPlatforms) = preSolution
		Debug|Any CPU = Debug|Any CPU
		Release|Any CPU = Release|Any CPU
	EndGlobalSection
	GlobalSection(ProjectConfigurationPlatforms) = postSolution
		{3CDC563F-AA0B-4543-A764-65A926C5FE82}.Debug|Any CPU.ActiveCfg = Debug|Any CPU
		{3CDC563F-AA0B-4543-A764-65A926C5FE82}.Debug|Any CPU.Build.0 = Debug|Any CPU
		{3CDC563F-AA0B-4543-A764-65A926C5FE82}.Release|Any CPU.ActiveCfg = Release|Any CPU
		{3CDC563F-AA0B-4543-A764-65A926C5FE82}.Release|Any CPU.Build.0 = Release|Any CPU
		{B9384D2F-AD84-470C-A44E-DCAAA51F73D4}.Debug|Any CPU.ActiveCfg = Debug|Any CPU
		{B9384D2F-AD84-470C-A44E-DCAAA51F73D4}.Debug|Any CPU.Build.0 = Debug|Any CPU
		{B9384D2F-AD84-470C-A44E-DCAAA51F73D4}.Release|Any CPU.ActiveCfg = Release|Any CPU
		{B9384D2F-AD84-470C-A44E-DCAAA51F73D4}.Release|Any CPU.Build.0 = Release|Any CPU
	EndGlobalSection
	GlobalSection(SolutionProperties) = preSolution
		HideSolutionNode = FALSE
	EndGlobalSection
EndGlobal
